
Microsoft Visual Studio Solution File, Format Version 12.00
# Visual Studio 15
VisualStudioVersion = 15.0.27703.2035
MinimumVisualStudioVersion = 10.0.40219.1
Project("{FAE04EC0-301F-11D3-BF4B-00C04F79EFBC}") = "Fractions", "Fractions\Fractions.csproj", "{F780E307-628E-4FD7-ADD0-5B906E01B71F}"
EndProject
Global
	GlobalSection(SolutionConfigurationPlatforms) = preSolution
		Debug|Any CPU = Debug|Any CPU
		Release|Any CPU = Release|Any CPU
	EndGlobalSection
	GlobalSection(ProjectConfigurationPlatforms) = postSolution
		{F780E307-628E-4FD7-ADD0-5B906E01B71F}.Debug|Any CPU.ActiveCfg = Debug|Any CPU
		{F780E307-628E-4FD7-ADD0-5B906E01B71F}.Debug|Any CPU.Build.0 = Debug|Any CPU
		{F780E307-628E-4FD7-ADD0-5B906E01B71F}.Release|Any CPU.ActiveCfg = Release|Any CPU
		{F780E307-628E-4FD7-ADD0-5B906E01B71F}.Release|Any CPU.Build.0 = Release|Any CPU
	EndGlobalSection
	GlobalSection(SolutionProperties) = preSolution
		HideSolutionNode = FALSE
	EndGlobalSection
	GlobalSection(ExtensibilityGlobals) = postSolution
		SolutionGuid = {B7A80D3D-D32F-4BF6-90D3-46147AFBD3F6}
	EndGlobalSection
EndGlobal
